
Microsoft Visual Studio Solution File, Format Version 12.00
# Visual Studio Version 17
VisualStudioVersion = 17.10.35122.118
MinimumVisualStudioVersion = 10.0.40219.1
Project("{FAE04EC0-301F-11D3-BF4B-00C04F79EFBC}") = "WebAngular-backend", "WebAngular-backend\WebAngular-backend.csproj", "{015E24DA-7741-441E-99FD-9759EFF20443}"
EndProject
Project("{2150E333-8FDC-42A3-9474-1A3956D46DE8}") = "01- Comun", "01- Comun", "{18876D6D-39CE-442E-B4EC-A05E599D9A93}"
EndProject
Project("{2150E333-8FDC-42A3-9474-1A3956D46DE8}") = "02- Modelo", "02- Modelo", "{A56E4AA2-6EAC-4895-ADD1-BD273CDC85D1}"
EndProject
Project("{2150E333-8FDC-42A3-9474-1A3956D46DE8}") = "03- Acceso a Datos", "03- Acceso a Datos", "{8A47E9DB-0589-4B0B-A036-3B73268F0928}"
EndProject
Project("{2150E333-8FDC-42A3-9474-1A3956D46DE8}") = "04- Cliente Rest", "04- Cliente Rest", "{910D1CDD-5D29-468C-AA44-0F5CE183EC2F}"
EndProject
Project("{2150E333-8FDC-42A3-9474-1A3956D46DE8}") = "05- Logica de Negocio", "05- Logica de Negocio", "{59A692DD-C8CF-44B5-821F-FA1184FAC60A}"
EndProject
Project("{2150E333-8FDC-42A3-9474-1A3956D46DE8}") = "06- Web API", "06- Web API", "{2479391F-E57E-4E1D-A623-9DCC6270A8CF}"
EndProject
Project("{FAE04EC0-301F-11D3-BF4B-00C04F79EFBC}") = "Comun", "Comun\Comun.csproj", "{DDDE6B9D-1D3E-4D1B-8B7F-F7B98F72A710}"
EndProject
Project("{FAE04EC0-301F-11D3-BF4B-00C04F79EFBC}") = "Modelo", "Modelo\Modelo.csproj", "{91F86296-75F5-4296-A8ED-A92BF013A7DB}"
EndProject
Project("{FAE04EC0-301F-11D3-BF4B-00C04F79EFBC}") = "Datos", "Datos\Datos.csproj", "{B9751D38-8B31-4390-9FE0-838DABF607E9}"
EndProject
Project("{FAE04EC0-301F-11D3-BF4B-00C04F79EFBC}") = "Rest", "Rest\Rest.csproj", "{CBEB0229-A7A0-4B6F-A6F2-C1CE515C3BAB}"
EndProject
Project("{FAE04EC0-301F-11D3-BF4B-00C04F79EFBC}") = "Logica", "Logica\Logica.csproj", "{BA1526E5-D921-4A05-B7A3-31A1A061F415}"
EndProject
Global
	GlobalSection(SolutionConfigurationPlatforms) = preSolution
		Debug|Any CPU = Debug|Any CPU
		Release|Any CPU = Release|Any CPU
	EndGlobalSection
	GlobalSection(ProjectConfigurationPlatforms) = postSolution
		{015E24DA-7741-441E-99FD-9759EFF20443}.Debug|Any CPU.ActiveCfg = Debug|Any CPU
		{015E24DA-7741-441E-99FD-9759EFF20443}.Debug|Any CPU.Build.0 = Debug|Any CPU
		{015E24DA-7741-441E-99FD-9759EFF20443}.Release|Any CPU.ActiveCfg = Release|Any CPU
		{015E24DA-7741-441E-99FD-9759EFF20443}.Release|Any CPU.Build.0 = Release|Any CPU
		{DDDE6B9D-1D3E-4D1B-8B7F-F7B98F72A710}.Debug|Any CPU.ActiveCfg = Debug|Any CPU
		{DDDE6B9D-1D3E-4D1B-8B7F-F7B98F72A710}.Debug|Any CPU.Build.0 = Debug|Any CPU
		{DDDE6B9D-1D3E-4D1B-8B7F-F7B98F72A710}.Release|Any CPU.ActiveCfg = Release|Any CPU
		{DDDE6B9D-1D3E-4D1B-8B7F-F7B98F72A710}.Release|Any CPU.Build.0 = Release|Any CPU
		{91F86296-75F5-4296-A8ED-A92BF013A7DB}.Debug|Any CPU.ActiveCfg = Debug|Any CPU
		{91F86296-75F5-4296-A8ED-A92BF013A7DB}.Debug|Any CPU.Build.0 = Debug|Any CPU
		{91F86296-75F5-4296-A8ED-A92BF013A7DB}.Release|Any CPU.ActiveCfg = Release|Any CPU
		{91F86296-75F5-4296-A8ED-A92BF013A7DB}.Release|Any CPU.Build.0 = Release|Any CPU
		{B9751D38-8B31-4390-9FE0-838DABF607E9}.Debug|Any CPU.ActiveCfg = Debug|Any CPU
		{B9751D38-8B31-4390-9FE0-838DABF607E9}.Debug|Any CPU.Build.0 = Debug|Any CPU
		{B9751D38-8B31-4390-9FE0-838DABF607E9}.Release|Any CPU.ActiveCfg = Release|Any CPU
		{B9751D38-8B31-4390-9FE0-838DABF607E9}.Release|Any CPU.Build.0 = Release|Any CPU
		{CBEB0229-A7A0-4B6F-A6F2-C1CE515C3BAB}.Debug|Any CPU.ActiveCfg = Debug|Any CPU
		{CBEB0229-A7A0-4B6F-A6F2-C1CE515C3BAB}.Debug|Any CPU.Build.0 = Debug|Any CPU
		{CBEB0229-A7A0-4B6F-A6F2-C1CE515C3BAB}.Release|Any CPU.ActiveCfg = Release|Any CPU
		{CBEB0229-A7A0-4B6F-A6F2-C1CE515C3BAB}.Release|Any CPU.Build.0 = Release|Any CPU
		{BA1526E5-D921-4A05-B7A3-31A1A061F415}.Debug|Any CPU.ActiveCfg = Debug|Any CPU
		{BA1526E5-D921-4A05-B7A3-31A1A061F415}.Debug|Any CPU.Build.0 = Debug|Any CPU
		{BA1526E5-D921-4A05-B7A3-31A1A061F415}.Release|Any CPU.ActiveCfg = Release|Any CPU
		{BA1526E5-D921-4A05-B7A3-31A1A061F415}.Release|Any CPU.Build.0 = Release|Any CPU
	EndGlobalSection
	GlobalSection(SolutionProperties) = preSolution
		HideSolutionNode = FALSE
	EndGlobalSection
	GlobalSection(NestedProjects) = preSolution
		{015E24DA-7741-441E-99FD-9759EFF20443} = {2479391F-E57E-4E1D-A623-9DCC6270A8CF}
		{DDDE6B9D-1D3E-4D1B-8B7F-F7B98F72A710} = {18876D6D-39CE-442E-B4EC-A05E599D9A93}
		{91F86296-75F5-4296-A8ED-A92BF013A7DB} = {A56E4AA2-6EAC-4895-ADD1-BD273CDC85D1}
		{B9751D38-8B31-4390-9FE0-838DABF607E9} = {8A47E9DB-0589-4B0B-A036-3B73268F0928}
		{CBEB0229-A7A0-4B6F-A6F2-C1CE515C3BAB} = {910D1CDD-5D29-468C-AA44-0F5CE183EC2F}
		{BA1526E5-D921-4A05-B7A3-31A1A061F415} = {59A692DD-C8CF-44B5-821F-FA1184FAC60A}
	EndGlobalSection
	GlobalSection(ExtensibilityGlobals) = postSolution
		SolutionGuid = {FA17C96F-3252-4E9D-843E-6A719A89B05F}
	EndGlobalSection
EndGlobal
